
Microsoft Visual Studio Solution File, Format Version 12.00
# Visual Studio Version 17
VisualStudioVersion = 17.11.35303.130
MinimumVisualStudioVersion = 10.0.40219.1
Project("{2150E333-8FDC-42A3-9474-1A3956D46DE8}") = "src", "src", "{C54D4B9B-3D05-4A5A-8D1A-4F5D552BE961}"
EndProject
Project("{2150E333-8FDC-42A3-9474-1A3956D46DE8}") = "common", "common", "{96424D34-057F-45E9-B99C-D16FEE412372}"
EndProject
Project("{2150E333-8FDC-42A3-9474-1A3956D46DE8}") = "modules", "modules", "{615AC0C9-16E4-418D-9FB3-3CEFC5C72E4E}"
EndProject
Project("{9A19103F-16F7-4668-BE54-9A1E7A4F7556}") = "Hana.Features", "Hana.Features\Hana.Features.csproj", "{EC7EF96B-F881-4180-9FEA-360F2342048C}"
EndProject
Project("{9A19103F-16F7-4668-BE54-9A1E7A4F7556}") = "Hana.Common", "Hana.Common\Hana.Common.csproj", "{B2CEEBAB-ED0A-4D98-B33D-16D6F9376242}"
EndProject
Project("{9A19103F-16F7-4668-BE54-9A1E7A4F7556}") = "Hana.Api.Common", "Hana.Api.Common\Hana.Api.Common.csproj", "{31C90AF5-77A9-446D-A913-0EC93634EEB2}"
EndProject
Project("{2150E333-8FDC-42A3-9474-1A3956D46DE8}") = "Expression", "Expression", "{59A55539-1D35-457C-806D-DADBBB09ED27}"
EndProject
Project("{9A19103F-16F7-4668-BE54-9A1E7A4F7556}") = "Hana.Expressions", "Hana.Expressions\Hana.Expressions.csproj", "{80A66256-3DEB-4E77-8FC5-D2CE476DC282}"
EndProject
Project("{9A19103F-16F7-4668-BE54-9A1E7A4F7556}") = "Hana.Core", "Hana.Core\Hana.Core.csproj", "{87E00C1A-ADD6-40C3-9E2A-17147B7CD25A}"
EndProject
Project("{2150E333-8FDC-42A3-9474-1A3956D46DE8}") = "Security", "Security", "{EBB866F8-1F43-4898-B4FA-98487A71908B}"
EndProject
Project("{2150E333-8FDC-42A3-9474-1A3956D46DE8}") = "Core", "Core", "{231EA0E8-2EF7-4F79-B5FB-8DC639AF555D}"
EndProject
Project("{9A19103F-16F7-4668-BE54-9A1E7A4F7556}") = "Hana", "Hana\Hana.csproj", "{9D8AACA6-FB9D-4694-B2A6-67A68AC6B96F}"
EndProject
Project("{9A19103F-16F7-4668-BE54-9A1E7A4F7556}") = "Hana.Identity", "Hana.Identity\Hana.Identity.csproj", "{8D56F09C-E29C-4286-ACE4-55EE0EE81073}"
EndProject
Project("{2150E333-8FDC-42A3-9474-1A3956D46DE8}") = "apps", "apps", "{632134A0-89B5-466F-89C3-E3AF6D9479D9}"
EndProject
Project("{9A19103F-16F7-4668-BE54-9A1E7A4F7556}") = "Hana.Server.Web", "Hana.Server.Web\Hana.Server.Web.csproj", "{D81D15DB-54AE-4D55-BD2E-0AE83B12730B}"
EndProject
Project("{9A19103F-16F7-4668-BE54-9A1E7A4F7556}") = "Hana.Core.Api", "Hana.Core.Api\Hana.Core.Api.csproj", "{B622194F-F62E-483D-8207-7B28C26B2667}"
EndProject
Global
	GlobalSection(SolutionConfigurationPlatforms) = preSolution
		Debug|Any CPU = Debug|Any CPU
		Release|Any CPU = Release|Any CPU
	EndGlobalSection
	GlobalSection(ProjectConfigurationPlatforms) = postSolution
		{EC7EF96B-F881-4180-9FEA-360F2342048C}.Debug|Any CPU.ActiveCfg = Debug|Any CPU
		{EC7EF96B-F881-4180-9FEA-360F2342048C}.Debug|Any CPU.Build.0 = Debug|Any CPU
		{EC7EF96B-F881-4180-9FEA-360F2342048C}.Release|Any CPU.ActiveCfg = Release|Any CPU
		{EC7EF96B-F881-4180-9FEA-360F2342048C}.Release|Any CPU.Build.0 = Release|Any CPU
		{B2CEEBAB-ED0A-4D98-B33D-16D6F9376242}.Debug|Any CPU.ActiveCfg = Debug|Any CPU
		{B2CEEBAB-ED0A-4D98-B33D-16D6F9376242}.Debug|Any CPU.Build.0 = Debug|Any CPU
		{B2CEEBAB-ED0A-4D98-B33D-16D6F9376242}.Release|Any CPU.ActiveCfg = Release|Any CPU
		{B2CEEBAB-ED0A-4D98-B33D-16D6F9376242}.Release|Any CPU.Build.0 = Release|Any CPU
		{31C90AF5-77A9-446D-A913-0EC93634EEB2}.Debug|Any CPU.ActiveCfg = Debug|Any CPU
		{31C90AF5-77A9-446D-A913-0EC93634EEB2}.Debug|Any CPU.Build.0 = Debug|Any CPU
		{31C90AF5-77A9-446D-A913-0EC93634EEB2}.Release|Any CPU.ActiveCfg = Release|Any CPU
		{31C90AF5-77A9-446D-A913-0EC93634EEB2}.Release|Any CPU.Build.0 = Release|Any CPU
		{80A66256-3DEB-4E77-8FC5-D2CE476DC282}.Debug|Any CPU.ActiveCfg = Debug|Any CPU
		{80A66256-3DEB-4E77-8FC5-D2CE476DC282}.Debug|Any CPU.Build.0 = Debug|Any CPU
		{80A66256-3DEB-4E77-8FC5-D2CE476DC282}.Release|Any CPU.ActiveCfg = Release|Any CPU
		{80A66256-3DEB-4E77-8FC5-D2CE476DC282}.Release|Any CPU.Build.0 = Release|Any CPU
		{87E00C1A-ADD6-40C3-9E2A-17147B7CD25A}.Debug|Any CPU.ActiveCfg = Debug|Any CPU
		{87E00C1A-ADD6-40C3-9E2A-17147B7CD25A}.Debug|Any CPU.Build.0 = Debug|Any CPU
		{87E00C1A-ADD6-40C3-9E2A-17147B7CD25A}.Release|Any CPU.ActiveCfg = Release|Any CPU
		{87E00C1A-ADD6-40C3-9E2A-17147B7CD25A}.Release|Any CPU.Build.0 = Release|Any CPU
		{9D8AACA6-FB9D-4694-B2A6-67A68AC6B96F}.Debug|Any CPU.ActiveCfg = Debug|Any CPU
		{9D8AACA6-FB9D-4694-B2A6-67A68AC6B96F}.Debug|Any CPU.Build.0 = Debug|Any CPU
		{9D8AACA6-FB9D-4694-B2A6-67A68AC6B96F}.Release|Any CPU.ActiveCfg = Release|Any CPU
		{9D8AACA6-FB9D-4694-B2A6-67A68AC6B96F}.Release|Any CPU.Build.0 = Release|Any CPU
		{8D56F09C-E29C-4286-ACE4-55EE0EE81073}.Debug|Any CPU.ActiveCfg = Debug|Any CPU
		{8D56F09C-E29C-4286-ACE4-55EE0EE81073}.Debug|Any CPU.Build.0 = Debug|Any CPU
		{8D56F09C-E29C-4286-ACE4-55EE0EE81073}.Release|Any CPU.ActiveCfg = Release|Any CPU
		{8D56F09C-E29C-4286-ACE4-55EE0EE81073}.Release|Any CPU.Build.0 = Release|Any CPU
		{D81D15DB-54AE-4D55-BD2E-0AE83B12730B}.Debug|Any CPU.ActiveCfg = Debug|Any CPU
		{D81D15DB-54AE-4D55-BD2E-0AE83B12730B}.Debug|Any CPU.Build.0 = Debug|Any CPU
		{D81D15DB-54AE-4D55-BD2E-0AE83B12730B}.Release|Any CPU.ActiveCfg = Release|Any CPU
		{D81D15DB-54AE-4D55-BD2E-0AE83B12730B}.Release|Any CPU.Build.0 = Release|Any CPU
		{B622194F-F62E-483D-8207-7B28C26B2667}.Debug|Any CPU.ActiveCfg = Debug|Any CPU
		{B622194F-F62E-483D-8207-7B28C26B2667}.Debug|Any CPU.Build.0 = Debug|Any CPU
		{B622194F-F62E-483D-8207-7B28C26B2667}.Release|Any CPU.ActiveCfg = Release|Any CPU
		{B622194F-F62E-483D-8207-7B28C26B2667}.Release|Any CPU.Build.0 = Release|Any CPU
	EndGlobalSection
	GlobalSection(SolutionProperties) = preSolution
		HideSolutionNode = FALSE
	EndGlobalSection
	GlobalSection(NestedProjects) = preSolution
		{96424D34-057F-45E9-B99C-D16FEE412372} = {C54D4B9B-3D05-4A5A-8D1A-4F5D552BE961}
		{615AC0C9-16E4-418D-9FB3-3CEFC5C72E4E} = {C54D4B9B-3D05-4A5A-8D1A-4F5D552BE961}
		{EC7EF96B-F881-4180-9FEA-360F2342048C} = {96424D34-057F-45E9-B99C-D16FEE412372}
		{B2CEEBAB-ED0A-4D98-B33D-16D6F9376242} = {96424D34-057F-45E9-B99C-D16FEE412372}
		{31C90AF5-77A9-446D-A913-0EC93634EEB2} = {96424D34-057F-45E9-B99C-D16FEE412372}
		{59A55539-1D35-457C-806D-DADBBB09ED27} = {615AC0C9-16E4-418D-9FB3-3CEFC5C72E4E}
		{80A66256-3DEB-4E77-8FC5-D2CE476DC282} = {59A55539-1D35-457C-806D-DADBBB09ED27}
		{87E00C1A-ADD6-40C3-9E2A-17147B7CD25A} = {231EA0E8-2EF7-4F79-B5FB-8DC639AF555D}
		{EBB866F8-1F43-4898-B4FA-98487A71908B} = {615AC0C9-16E4-418D-9FB3-3CEFC5C72E4E}
		{231EA0E8-2EF7-4F79-B5FB-8DC639AF555D} = {615AC0C9-16E4-418D-9FB3-3CEFC5C72E4E}
		{9D8AACA6-FB9D-4694-B2A6-67A68AC6B96F} = {615AC0C9-16E4-418D-9FB3-3CEFC5C72E4E}
		{8D56F09C-E29C-4286-ACE4-55EE0EE81073} = {EBB866F8-1F43-4898-B4FA-98487A71908B}
		{632134A0-89B5-466F-89C3-E3AF6D9479D9} = {C54D4B9B-3D05-4A5A-8D1A-4F5D552BE961}
		{D81D15DB-54AE-4D55-BD2E-0AE83B12730B} = {632134A0-89B5-466F-89C3-E3AF6D9479D9}
		{B622194F-F62E-483D-8207-7B28C26B2667} = {231EA0E8-2EF7-4F79-B5FB-8DC639AF555D}
	EndGlobalSection
	GlobalSection(ExtensibilityGlobals) = postSolution
		SolutionGuid = {C9D74106-4E64-471D-982C-EF088621C232}
	EndGlobalSection
EndGlobal
